
Microsoft Visual Studio Solution File, Format Version 12.00
# Visual Studio Version 17
VisualStudioVersion = 17.4.33122.133
MinimumVisualStudioVersion = 10.0.40219.1
Project("{FAE04EC0-301F-11D3-BF4B-00C04F79EFBC}") = "Sifreleme_Algoritması", "Sifreleme_Algoritması\Sifreleme_Algoritması.csproj", "{7A244C25-3FE6-49D9-B129-9D5B015EBAC2}"
EndProject
Global
	GlobalSection(SolutionConfigurationPlatforms) = preSolution
		Debug|Any CPU = Debug|Any CPU
		Release|Any CPU = Release|Any CPU
	EndGlobalSection
	GlobalSection(ProjectConfigurationPlatforms) = postSolution
		{7A244C25-3FE6-49D9-B129-9D5B015EBAC2}.Debug|Any CPU.ActiveCfg = Debug|Any CPU
		{7A244C25-3FE6-49D9-B129-9D5B015EBAC2}.Debug|Any CPU.Build.0 = Debug|Any CPU
		{7A244C25-3FE6-49D9-B129-9D5B015EBAC2}.Release|Any CPU.ActiveCfg = Release|Any CPU
		{7A244C25-3FE6-49D9-B129-9D5B015EBAC2}.Release|Any CPU.Build.0 = Release|Any CPU
	EndGlobalSection
	GlobalSection(SolutionProperties) = preSolution
		HideSolutionNode = FALSE
	EndGlobalSection
	GlobalSection(ExtensibilityGlobals) = postSolution
		SolutionGuid = {DD92C6D9-5468-4CB4-8FA8-71C4E615DDFA}
	EndGlobalSection
EndGlobal
